// !$*UTF8*$!
{
	archiveVersion = 1;
	classes = {
	};
	objectVersion = 46;
	objects = {

/* Begin PBXBuildFile section */
		5FCCA69E1E100D9900ACC630 /* AppDelegate.swift in Sources */ = {isa = PBXBuildFile; fileRef = 5FCCA69D1E100D9900ACC630 /* AppDelegate.swift */; };
		5FCCA6A01E100D9900ACC630 /* ViewController.swift in Sources */ = {isa = PBXBuildFile; fileRef = 5FCCA69F1E100D9900ACC630 /* ViewController.swift */; };
		5FCCA6A31E100D9900ACC630 /* Main.storyboard in Resources */ = {isa = PBXBuildFile; fileRef = 5FCCA6A11E100D9900ACC630 /* Main.storyboard */; };
		5FCCA6A51E100D9900ACC630 /* Assets.xcassets in Resources */ = {isa = PBXBuildFile; fileRef = 5FCCA6A41E100D9900ACC630 /* Assets.xcassets */; };
		5FCCA6A81E100D9900ACC630 /* LaunchScreen.storyboard in Resources */ = {isa = PBXBuildFile; fileRef = 5FCCA6A61E100D9900ACC630 /* LaunchScreen.storyboard */; };
/* End PBXBuildFile section */

/* Begin PBXFileReference section */
		5FCCA69A1E100D9900ACC630 /* CoreyGift.app */ = {isa = PBXFileReference; explicitFileType = wrapper.application; includeInIndex = 0; path = CoreyGift.app; sourceTree = BUILT_PRODUCTS_DIR; };
		5FCCA69D1E100D9900ACC630 /* AppDelegate.swift */ = {isa = PBXFileReference; lastKnownFileType = sourcecode.swift; path = AppDelegate.swift; sourceTree = "<group>"; };
		5FCCA69F1E100D9900ACC630 /* ViewController.swift */ = {isa = PBXFileReference; lastKnownFileType = sourcecode.swift; path = ViewController.swift; sourceTree = "<group>"; };
		5FCCA6A21E100D9900ACC630 /* Base */ = {isa = PBXFileReference; lastKnownFileType = file.storyboard; name = Base; path = Base.lproj/Main.storyboard; sourceTree = "<group>"; };
		5FCCA6A41E100D9900ACC630 /* Assets.xcassets */ = {isa = PBXFileReference; lastKnownFileType = folder.assetcatalog; path = Assets.xcassets; sourceTree = "<group>"; };
		5FCCA6A71E100D9900ACC630 /* Base */ = {isa = PBXFileReference; lastKnownFileType = file.storyboard; name = Base; path = Base.lproj/LaunchScreen.storyboard; sourceTree = "<group>"; };
		5FCCA6A91E100D9900ACC630 /* Info.plist */ = {isa = PBXFileReference; lastKnownFileType = text.plist.xml; path = Info.plist; sourceTree = "<group>"; };
/* End PBXFileReference section */

/* Begin PBXFrameworksBuildPhase section */
		5FCCA6971E100D9900ACC630 /* Frameworks */ = {
			isa = PBXFrameworksBuildPhase;
			buildActionMask = 2147483647;
			files = (
			);
			runOnlyForDeploymentPostprocessing = 0;
		};
/* End PBXFrameworksBuildPhase section */

/* Begin PBXGroup section */
		5FCCA6911E100D9900ACC630 = {
			isa = PBXGroup;
			children = (
				5FCCA69C1E100D9900ACC630 /* CoreyGift */,
				5FCCA69B1E100D9900ACC630 /* Products */,
			);
			sourceTree = "<group>";
		};
		5FCCA69B1E100D9900ACC630 /* Products */ = {
			isa = PBXGroup;
			children = (
				5FCCA69A1E100D9900ACC630 /* CoreyGift.app */,
			);
			name = Products;
			sourceTree = "<group>";
		};
		5FCCA69C1E100D9900ACC630 /* CoreyGift */ = {
			isa = PBXGroup;
			children = (
				5FCCA69D1E100D9900ACC630 /* AppDelegate.swift */,
				5FCCA69F1E100D9900ACC630 /* ViewController.swift */,
				5FCCA6A11E100D9900ACC630 /* Main.storyboard */,
				5FCCA6A41E100D9900ACC630 /* Assets.xcassets */,
				5FCCA6A61E100D9900ACC630 /* LaunchScreen.storyboard */,
				5FCCA6A91E100D9900ACC630 /* Info.plist */,
			);
			path = CoreyGift;
			sourceTree = "<group>";
		};
/* End PBXGroup section */

/* Begin PBXNativeTarget section */
		5FCCA6991E100D9900ACC630 /* CoreyGift */ = {
			isa = PBXNativeTarget;
			buildConfigurationList = 5FCCA6AC1E100D9900ACC630 /* Build configuration list for PBXNativeTarget "CoreyGift" */;
			buildPhases = (
				5FCCA6961E100D9900ACC630 /* Sources */,
				5FCCA6971E100D9900ACC630 /* Frameworks */,
				5FCCA6981E100D9900ACC630 /* Resources */,
			);
			buildRules = (
			);
			dependencies = (
			);
			name = CoreyGift;
			productName = CoreyGift;
			productReference = 5FCCA69A1E100D9900ACC630 /* CoreyGift.app */;
			productType = "com.apple.product-type.application";
		};
/* End PBXNativeTarget section */

/* Begin PBXProject section */
		5FCCA6921E100D9900ACC630 /* Project object */ = {
			isa = PBXProject;
			attributes = {
				LastSwiftUpdateCheck = 0820;
				LastUpgradeCheck = 0820;
				ORGANIZATIONNAME = "Gardner von Holt";
				TargetAttributes = {
					5FCCA6991E100D9900ACC630 = {
						CreatedOnToolsVersion = 8.2.1;
						DevelopmentTeam = 53KYJ3US69;
						ProvisioningStyle = Automatic;
					};
				};
			};
			buildConfigurationList = 5FCCA6951E100D9900ACC630 /* Build configuration list for PBXProject "CoreyGift" */;
			compatibilityVersion = "Xcode 3.2";
			developmentRegion = English;
			hasScannedForEncodings = 0;
			knownRegions = (
				en,
				Base,
			);
			mainGroup = 5FCCA6911E100D9900ACC630;
			productRefGroup = 5FCCA69B1E100D9900ACC630 /* Products */;
			projectDirPath = "";
			projectRoot = "";
			targets = (
				5FCCA6991E100D9900ACC630 /* CoreyGift */,
			);
		};
/* End PBXProject section */

/* Begin PBXResourcesBuildPhase section */
		5FCCA6981E100D9900ACC630 /* Resources */ = {
			isa = PBXResourcesBuildPhase;
			buildActionMask = 2147483647;
			files = (
				5FCCA6A81E100D9900ACC630 /* LaunchScreen.storyboard in Resources */,
				5FCCA6A51E100D9900ACC630 /* Assets.xcassets in Resources */,
				5FCCA6A31E100D9900ACC630 /* Main.storyboard in Resources */,
			);
			runOnlyForDeploymentPostprocessing = 0;
		};
/* End PBXResourcesBuildPhase section */

/* Begin PBXSourcesBuildPhase section */
		5FCCA6961E100D9900ACC630 /* Sources */ = {
			isa = PBXSourcesBuildPhase;
			buildActionMask = 2147483647;
			files = (
				5FCCA6A01E100D9900ACC630 /* ViewController.swift in Sources */,
				5FCCA69E1E100D9900ACC630 /* AppDelegate.swift in Sources */,
			);
			runOnlyForDeploymentPostprocessing = 0;
		};
/* End PBXSourcesBuildPhase section */

/* Begin PBXVariantGroup section */
		5FCCA6A11E100D9900ACC630 /* Main.storyboard */ = {
			isa = PBXVariantGroup;
			children = (
				5FCCA6A21E100D9900ACC630 /* Base */,
			);
			name = Main.storyboard;
			sourceTree = "<group>";
		};
		5FCCA6A61E100D9900ACC630 /* LaunchScreen.storyboard */ = {
			isa = PBXVariantGroup;
			children = (
				5FCCA6A71E100D9900ACC630 /* Base */,
			);
			name = LaunchScreen.storyboard;
			sourceTree = "<group>";
		};
/* End PBXVariantGroup section */

/* Begin XCBuildConfiguration section */
		5FCCA6AA1E100D9900ACC630 /* Debug */ = {
			isa = XCBuildConfiguration;
			buildSettings = {
				ALWAYS_SEARCH_USER_PATHS = NO;
				CLANG_ANALYZER_NONNULL = YES;
				CLANG_CXX_LANGUAGE_STANDARD = "gnu++0x";
				CLANG_CXX_LIBRARY = "libc++";
				CLANG_ENABLE_MODULES = YES;
				CLANG_ENABLE_OBJC_ARC = YES;
				CLANG_WARN_BOOL_CONVERSION = YES;
				CLANG_WARN_CONSTANT_CONVERSION = YES;
				CLANG_WARN_DIRECT_OBJC_ISA_USAGE = YES_ERROR;
				CLANG_WARN_DOCUMENTATION_COMMENTS = YES;
				CLANG_WARN_EMPTY_BODY = YES;
				CLANG_WARN_ENUM_CONVERSION = YES;
				CLANG_WARN_INFINITE_RECURSION = YES;
				CLANG_WARN_INT_CONVERSION = YES;
				CLANG_WARN_OBJC_ROOT_CLASS = YES_ERROR;
				CLANG_WARN_SUSPICIOUS_MOVE = YES;
				CLANG_WARN_UNREACHABLE_CODE = YES;
				CLANG_WARN__DUPLICATE_METHOD_MATCH = YES;
				"CODE_SIGN_IDENTITY[sdk=iphoneos*]" = "iPhone Developer";
				COPY_PHASE_STRIP = NO;
				DEBUG_INFORMATION_FORMAT = dwarf;
				ENABLE_STRICT_OBJC_MSGSEND = YES;
				ENABLE_TESTABILITY = YES;
				GCC_C_LANGUAGE_STANDARD = gnu99;
				GCC_DYNAMIC_NO_PIC = NO;
				GCC_NO_COMMON_BLOCKS = YES;
				GCC_OPTIMIZATION_LEVEL = 0;
				GCC_PREPROCESSOR_DEFINITIONS = (
					"DEBUG=1",
					"$(inherited)",
				);
				GCC_WARN_64_TO_32_BIT_CONVERSION = YES;
				GCC_WARN_ABOUT_RETURN_TYPE = YES_ERROR;
				GCC_WARN_UNDECLARED_SELECTOR = YES;
				GCC_WARN_UNINITIALIZED_AUTOS = YES_AGGRESSIVE;
				GCC_WARN_UNUSED_FUNCTION = YES;
				GCC_WARN_UNUSED_VARIABLE = YES;
				IPHONEOS_DEPLOYMENT_TARGET = 10.2;
				MTL_ENABLE_DEBUG_INFO = YES;
				ONLY_ACTIVE_ARCH = YES;
				SDKROOT = iphoneos;
				SWIFT_ACTIVE_COMPILATION_CONDITIONS = DEBUG;
				SWIFT_OPTIMIZATION_LEVEL = "-Onone";
			};
			name = Debug;
		};
		5FCCA6AB1E100D9900ACC630 /* Release */ = {
			isa = XCBuildConfiguration;
			buildSettings = {
				ALWAYS_SEARCH_USER_PATHS = NO;
				CLANG_ANALYZER_NONNULL = YES;
				CLANG_CXX_LANGUAGE_STANDARD = "gnu++0x";
				CLANG_CXX_LIBRARY = "libc++";
				CLANG_ENABLE_MODULES = YES;
				CLANG_ENABLE_OBJC_ARC = YES;
				CLANG_WARN_BOOL_CONVERSION = YES;
				CLANG_WARN_CONSTANT_CONVERSION = YES;
				CLANG_WARN_DIRECT_OBJC_ISA_USAGE = YES_ERROR;
				CLANG_WARN_DOCUMENTATION_COMMENTS = YES;
				CLANG_WARN_EMPTY_BODY = YES;
				CLANG_WARN_ENUM_CONVERSION = YES;
				CLANG_WARN_INFINITE_RECURSION = YES;
				CLANG_WARN_INT_CONVERSION = YES;
				CLANG_WARN_OBJC_ROOT_CLASS = YES_ERROR;
				CLANG_WARN_SUSPICIOUS_MOVE = YES;
				CLANG_WARN_UNREACHABLE_CODE = YES;
				CLANG_WARN__DUPLICATE_METHOD_MATCH = YES;
				"CODE_SIGN_IDENTITY[sdk=iphoneos*]" = "iPhone Developer";
				COPY_PHASE_STRIP = NO;
				DEBUG_INFORMATION_FORMAT = "dwarf-with-dsym";
				ENABLE_NS_ASSERTIONS = NO;
				ENABLE_STRICT_OBJC_MSGSEND = YES;
				GCC_C_LANGUAGE_STANDARD = gnu99;
				GCC_NO_COMMON_BLOCKS = YES;
				GCC_WARN_64_TO_32_BIT_CONVERSION = YES;
				GCC_WARN_ABOUT_RETURN_TYPE = YES_ERROR;
				GCC_WARN_UNDECLARED_SELECTOR = YES;
				GCC_WARN_UNINITIALIZED_AUTOS = YES_AGGRESSIVE;
				GCC_WARN_UNUSED_FUNCTION = YES;
				GCC_WARN_UNUSED_VARIABLE = YES;
				IPHONEOS_DEPLOYMENT_TARGET = 10.2;
				MTL_ENABLE_DEBUG_INFO = NO;
				SDKROOT = iphoneos;
				SWIFT_OPTIMIZATION_LEVEL = "-Owholemodule";
				VALIDATE_PRODUCT = YES;
			};
			name = Release;
		};
		5FCCA6AD1E100D9900ACC630 /* Debug */ = {
			isa = XCBuildConfiguration;
			buildSettings = {
				ASSETCATALOG_COMPILER_APPICON_NAME = AppIcon;
				DEVELOPMENT_TEAM = 53KYJ3US69;
				INFOPLIST_FILE = CoreyGift/Info.plist;
				LD_RUNPATH_SEARCH_PATHS = "$(inherited) @executable_path/Frameworks";
				PRODUCT_BUNDLE_IDENTIFIER = com.gardnervh.CoreyGift;
				PRODUCT_NAME = "$(TARGET_NAME)";
				SWIFT_VERSION = 3.0;
			};
			name = Debug;
		};
		5FCCA6AE1E100D9900ACC630 /* Release */ = {
			isa = XCBuildConfiguration;
			buildSettings = {
				ASSETCATALOG_COMPILER_APPICON_NAME = AppIcon;
				DEVELOPMENT_TEAM = 53KYJ3US69;
				INFOPLIST_FILE = CoreyGift/Info.plist;
				LD_RUNPATH_SEARCH_PATHS = "$(inherited) @executable_path/Frameworks";
				PRODUCT_BUNDLE_IDENTIFIER = com.gardnervh.CoreyGift;
				PRODUCT_NAME = "$(TARGET_NAME)";
				SWIFT_VERSION = 3.0;
			};
			name = Release;
		};
/* End XCBuildConfiguration section */

/* Begin XCConfigurationList section */
		5FCCA6951E100D9900ACC630 /* Build configuration list for PBXProject "CoreyGift" */ = {
			isa = XCConfigurationList;
			buildConfigurations = (
				5FCCA6AA1E100D9900ACC630 /* Debug */,
				5FCCA6AB1E100D9900ACC630 /* Release */,
			);
			defaultConfigurationIsVisible = 0;
			defaultConfigurationName = Release;
		};
		5FCCA6AC1E100D9900ACC630 /* Build configuration list for PBXNativeTarget "CoreyGift" */ = {
			isa = XCConfigurationList;
			buildConfigurations = (
				5FCCA6AD1E100D9900ACC630 /* Debug */,
				5FCCA6AE1E100D9900ACC630 /* Release */,
			);
			defaultConfigurationIsVisible = 0;
		};
/* End XCConfigurationList section */
	};
	rootObject = 5FCCA6921E100D9900ACC630 /* Project object */;
}
